{
    "requires": true,
    "lockfileVersion": 1,
    "dependencies": {
        "@types/node": {
            "version": "11.15.12",
            "resolved": "https://registry.npmjs.org/@types/node/-/node-11.15.12.tgz",
            "integrity": "sha512-iefeBfpmhoYaZfj+gJM5z9H9eiTwhuzhPsJgH/flx4HP2SBI2FNDra1D3vKljqPLGDr9Cazvh9gP9Xszc30ncA==",
            "dev": true
        }
    }
}
